
Microsoft Visual Studio Solution File, Format Version 12.00
# Visual Studio 15
VisualStudioVersion = 15.0.26228.4
MinimumVisualStudioVersion = 10.0.40219.1
Project("{FAE04EC0-301F-11D3-BF4B-00C04F79EFBC}") = "DemoApp.Data", "DemoApp\DemoApp.Data.csproj", "{5C8E5C92-2EBC-4F76-9E67-1C3BA7609C73}"
EndProject
Project("{FAE04EC0-301F-11D3-BF4B-00C04F79EFBC}") = "DemoApp.Services", "DemoApp.Services\DemoApp.Services.csproj", "{0620ADDB-5E37-40F8-BA3A-03C33263216E}"
EndProject
Project("{FAE04EC0-301F-11D3-BF4B-00C04F79EFBC}") = "DemoApp.Test", "DemoApp.Test\DemoApp.Test.csproj", "{77F5D9C9-831D-4ECA-8FC1-139AF803DEC1}"
EndProject
Project("{FAE04EC0-301F-11D3-BF4B-00C04F79EFBC}") = "DemoApp.UI", "DemoApp.UI\DemoApp.UI.csproj", "{6CF4FF2D-BCA7-4A3C-8182-395862E0E31D}"
EndProject
Global
	GlobalSection(SolutionConfigurationPlatforms) = preSolution
		Debug|Any CPU = Debug|Any CPU
		Release|Any CPU = Release|Any CPU
	EndGlobalSection
	GlobalSection(ProjectConfigurationPlatforms) = postSolution
		{5C8E5C92-2EBC-4F76-9E67-1C3BA7609C73}.Debug|Any CPU.ActiveCfg = Debug|Any CPU
		{5C8E5C92-2EBC-4F76-9E67-1C3BA7609C73}.Debug|Any CPU.Build.0 = Debug|Any CPU
		{5C8E5C92-2EBC-4F76-9E67-1C3BA7609C73}.Release|Any CPU.ActiveCfg = Release|Any CPU
		{5C8E5C92-2EBC-4F76-9E67-1C3BA7609C73}.Release|Any CPU.Build.0 = Release|Any CPU
		{0620ADDB-5E37-40F8-BA3A-03C33263216E}.Debug|Any CPU.ActiveCfg = Debug|Any CPU
		{0620ADDB-5E37-40F8-BA3A-03C33263216E}.Debug|Any CPU.Build.0 = Debug|Any CPU
		{0620ADDB-5E37-40F8-BA3A-03C33263216E}.Release|Any CPU.ActiveCfg = Release|Any CPU
		{0620ADDB-5E37-40F8-BA3A-03C33263216E}.Release|Any CPU.Build.0 = Release|Any CPU
		{77F5D9C9-831D-4ECA-8FC1-139AF803DEC1}.Debug|Any CPU.ActiveCfg = Debug|Any CPU
		{77F5D9C9-831D-4ECA-8FC1-139AF803DEC1}.Debug|Any CPU.Build.0 = Debug|Any CPU
		{77F5D9C9-831D-4ECA-8FC1-139AF803DEC1}.Release|Any CPU.ActiveCfg = Release|Any CPU
		{77F5D9C9-831D-4ECA-8FC1-139AF803DEC1}.Release|Any CPU.Build.0 = Release|Any CPU
		{6CF4FF2D-BCA7-4A3C-8182-395862E0E31D}.Debug|Any CPU.ActiveCfg = Debug|Any CPU
		{6CF4FF2D-BCA7-4A3C-8182-395862E0E31D}.Debug|Any CPU.Build.0 = Debug|Any CPU
		{6CF4FF2D-BCA7-4A3C-8182-395862E0E31D}.Release|Any CPU.ActiveCfg = Release|Any CPU
		{6CF4FF2D-BCA7-4A3C-8182-395862E0E31D}.Release|Any CPU.Build.0 = Release|Any CPU
	EndGlobalSection
	GlobalSection(SolutionProperties) = preSolution
		HideSolutionNode = FALSE
	EndGlobalSection
EndGlobal
